
Microsoft Visual Studio Solution File, Format Version 12.00
# Visual Studio 15
VisualStudioVersion = 15.0.26228.4
MinimumVisualStudioVersion = 10.0.40219.1
Project("{FAE04EC0-301F-11D3-BF4B-00C04F79EFBC}") = "TaskManager.API", "TaskManager.API\TaskManager.API.csproj", "{93FC5F01-B7F7-480C-B731-C56466756F9B}"
EndProject
Project("{FAE04EC0-301F-11D3-BF4B-00C04F79EFBC}") = "TaskManager.DataLib", "TaskManager.DataLib\TaskManager.DataLib.csproj", "{A1E1E9D9-D5AA-486E-A217-58B3B3D2AF57}"
EndProject
Project("{FAE04EC0-301F-11D3-BF4B-00C04F79EFBC}") = "TaskManager.BusinessLib", "TaskManager.BusinessLib\TaskManager.BusinessLib.csproj", "{F691482A-07CE-4BA5-9CD3-440BF0A47159}"
EndProject
Project("{FAE04EC0-301F-11D3-BF4B-00C04F79EFBC}") = "TaskManager.Entities", "TaskManager.Entities\TaskManager.Entities.csproj", "{7E272D2E-7370-41DC-B225-C2F0B63DF677}"
EndProject
Project("{FAE04EC0-301F-11D3-BF4B-00C04F79EFBC}") = "TaskManager.Tests.BusinessLib", "TaskManager.Tests.BusinessLib\TaskManager.Tests.BusinessLib.csproj", "{7824D5BE-1121-4850-9611-8C814BD63380}"
EndProject
Project("{FAE04EC0-301F-11D3-BF4B-00C04F79EFBC}") = "TaskManager.Tests.API", "TaskManager.Tests.API\TaskManager.Tests.API.csproj", "{8F5C7653-12D0-4270-A778-2A12A397AE76}"
EndProject
Project("{FAE04EC0-301F-11D3-BF4B-00C04F79EFBC}") = "TaskManager.PerformanceTests", "TaskManager.PerformanceTests\TaskManager.PerformanceTests.csproj", "{06967303-E3F9-4690-9678-63B4C835F509}"
EndProject
Global
	GlobalSection(SolutionConfigurationPlatforms) = preSolution
		Debug|Any CPU = Debug|Any CPU
		Release|Any CPU = Release|Any CPU
	EndGlobalSection
	GlobalSection(ProjectConfigurationPlatforms) = postSolution
		{93FC5F01-B7F7-480C-B731-C56466756F9B}.Debug|Any CPU.ActiveCfg = Debug|Any CPU
		{93FC5F01-B7F7-480C-B731-C56466756F9B}.Debug|Any CPU.Build.0 = Debug|Any CPU
		{93FC5F01-B7F7-480C-B731-C56466756F9B}.Release|Any CPU.ActiveCfg = Release|Any CPU
		{93FC5F01-B7F7-480C-B731-C56466756F9B}.Release|Any CPU.Build.0 = Release|Any CPU
		{A1E1E9D9-D5AA-486E-A217-58B3B3D2AF57}.Debug|Any CPU.ActiveCfg = Debug|Any CPU
		{A1E1E9D9-D5AA-486E-A217-58B3B3D2AF57}.Debug|Any CPU.Build.0 = Debug|Any CPU
		{A1E1E9D9-D5AA-486E-A217-58B3B3D2AF57}.Release|Any CPU.ActiveCfg = Release|Any CPU
		{A1E1E9D9-D5AA-486E-A217-58B3B3D2AF57}.Release|Any CPU.Build.0 = Release|Any CPU
		{F691482A-07CE-4BA5-9CD3-440BF0A47159}.Debug|Any CPU.ActiveCfg = Debug|Any CPU
		{F691482A-07CE-4BA5-9CD3-440BF0A47159}.Debug|Any CPU.Build.0 = Debug|Any CPU
		{F691482A-07CE-4BA5-9CD3-440BF0A47159}.Release|Any CPU.ActiveCfg = Release|Any CPU
		{F691482A-07CE-4BA5-9CD3-440BF0A47159}.Release|Any CPU.Build.0 = Release|Any CPU
		{7E272D2E-7370-41DC-B225-C2F0B63DF677}.Debug|Any CPU.ActiveCfg = Debug|Any CPU
		{7E272D2E-7370-41DC-B225-C2F0B63DF677}.Debug|Any CPU.Build.0 = Debug|Any CPU
		{7E272D2E-7370-41DC-B225-C2F0B63DF677}.Release|Any CPU.ActiveCfg = Release|Any CPU
		{7E272D2E-7370-41DC-B225-C2F0B63DF677}.Release|Any CPU.Build.0 = Release|Any CPU
		{7824D5BE-1121-4850-9611-8C814BD63380}.Debug|Any CPU.ActiveCfg = Debug|Any CPU
		{7824D5BE-1121-4850-9611-8C814BD63380}.Debug|Any CPU.Build.0 = Debug|Any CPU
		{7824D5BE-1121-4850-9611-8C814BD63380}.Release|Any CPU.ActiveCfg = Release|Any CPU
		{7824D5BE-1121-4850-9611-8C814BD63380}.Release|Any CPU.Build.0 = Release|Any CPU
		{8F5C7653-12D0-4270-A778-2A12A397AE76}.Debug|Any CPU.ActiveCfg = Debug|Any CPU
		{8F5C7653-12D0-4270-A778-2A12A397AE76}.Debug|Any CPU.Build.0 = Debug|Any CPU
		{8F5C7653-12D0-4270-A778-2A12A397AE76}.Release|Any CPU.ActiveCfg = Release|Any CPU
		{8F5C7653-12D0-4270-A778-2A12A397AE76}.Release|Any CPU.Build.0 = Release|Any CPU
		{06967303-E3F9-4690-9678-63B4C835F509}.Debug|Any CPU.ActiveCfg = Debug|Any CPU
		{06967303-E3F9-4690-9678-63B4C835F509}.Debug|Any CPU.Build.0 = Debug|Any CPU
		{06967303-E3F9-4690-9678-63B4C835F509}.Release|Any CPU.ActiveCfg = Release|Any CPU
		{06967303-E3F9-4690-9678-63B4C835F509}.Release|Any CPU.Build.0 = Release|Any CPU
	EndGlobalSection
	GlobalSection(SolutionProperties) = preSolution
		HideSolutionNode = FALSE
	EndGlobalSection
	GlobalSection(ExtensibilityGlobals) = postSolution
		SolutionGuid = {38F431FA-21A2-4EA6-AB60-146745398884}
	EndGlobalSection
EndGlobal
